// !$*UTF8*$!
{
	archiveVersion = 1;
	classes = {
	};
	objectVersion = 46;
	objects = {

/* Begin PBXBuildFile section */
		C24A64A11CE3565F00038037 /* main.m in Sources */ = {isa = PBXBuildFile; fileRef = C24A64A01CE3565F00038037 /* main.m */; };
		C24A64A41CE3565F00038037 /* AppDelegate.m in Sources */ = {isa = PBXBuildFile; fileRef = C24A64A31CE3565F00038037 /* AppDelegate.m */; };
		C24A64A71CE3565F00038037 /* ViewController.m in Sources */ = {isa = PBXBuildFile; fileRef = C24A64A61CE3565F00038037 /* ViewController.m */; };
		C24A64AA1CE3565F00038037 /* Main.storyboard in Resources */ = {isa = PBXBuildFile; fileRef = C24A64A81CE3565F00038037 /* Main.storyboard */; };
		C24A64AC1CE3565F00038037 /* Assets.xcassets in Resources */ = {isa = PBXBuildFile; fileRef = C24A64AB1CE3565F00038037 /* Assets.xcassets */; };
		C24A64AF1CE3565F00038037 /* LaunchScreen.storyboard in Resources */ = {isa = PBXBuildFile; fileRef = C24A64AD1CE3565F00038037 /* LaunchScreen.storyboard */; };
/* End PBXBuildFile section */

/* Begin PBXFileReference section */
		C24A649C1CE3565F00038037 /* LWN.app */ = {isa = PBXFileReference; explicitFileType = wrapper.application; includeInIndex = 0; path = LWN.app; sourceTree = BUILT_PRODUCTS_DIR; };
		C24A64A01CE3565F00038037 /* main.m */ = {isa = PBXFileReference; lastKnownFileType = sourcecode.c.objc; path = main.m; sourceTree = "<group>"; };
		C24A64A21CE3565F00038037 /* AppDelegate.h */ = {isa = PBXFileReference; lastKnownFileType = sourcecode.c.h; path = AppDelegate.h; sourceTree = "<group>"; };
		C24A64A31CE3565F00038037 /* AppDelegate.m */ = {isa = PBXFileReference; lastKnownFileType = sourcecode.c.objc; path = AppDelegate.m; sourceTree = "<group>"; };
		C24A64A51CE3565F00038037 /* ViewController.h */ = {isa = PBXFileReference; lastKnownFileType = sourcecode.c.h; path = ViewController.h; sourceTree = "<group>"; };
		C24A64A61CE3565F00038037 /* ViewController.m */ = {isa = PBXFileReference; lastKnownFileType = sourcecode.c.objc; path = ViewController.m; sourceTree = "<group>"; };
		C24A64A91CE3565F00038037 /* Base */ = {isa = PBXFileReference; lastKnownFileType = file.storyboard; name = Base; path = Base.lproj/Main.storyboard; sourceTree = "<group>"; };
		C24A64AB1CE3565F00038037 /* Assets.xcassets */ = {isa = PBXFileReference; lastKnownFileType = folder.assetcatalog; path = Assets.xcassets; sourceTree = "<group>"; };
		C24A64AE1CE3565F00038037 /* Base */ = {isa = PBXFileReference; lastKnownFileType = file.storyboard; name = Base; path = Base.lproj/LaunchScreen.storyboard; sourceTree = "<group>"; };
		C24A64B01CE3565F00038037 /* Info.plist */ = {isa = PBXFileReference; lastKnownFileType = text.plist.xml; path = Info.plist; sourceTree = "<group>"; };
/* End PBXFileReference section */

/* Begin PBXFrameworksBuildPhase section */
		C24A64991CE3565F00038037 /* Frameworks */ = {
			isa = PBXFrameworksBuildPhase;
			buildActionMask = 2147483647;
			files = (
			);
			runOnlyForDeploymentPostprocessing = 0;
		};
/* End PBXFrameworksBuildPhase section */

/* Begin PBXGroup section */
		C24A64931CE3565F00038037 = {
			isa = PBXGroup;
			children = (
				C24A649E1CE3565F00038037 /* LWN */,
				C24A649D1CE3565F00038037 /* Products */,
			);
			sourceTree = "<group>";
		};
		C24A649D1CE3565F00038037 /* Products */ = {
			isa = PBXGroup;
			children = (
				C24A649C1CE3565F00038037 /* LWN.app */,
			);
			name = Products;
			sourceTree = "<group>";
		};
		C24A649E1CE3565F00038037 /* LWN */ = {
			isa = PBXGroup;
			children = (
				C24A64A21CE3565F00038037 /* AppDelegate.h */,
				C24A64A31CE3565F00038037 /* AppDelegate.m */,
				C24A64A51CE3565F00038037 /* ViewController.h */,
				C24A64A61CE3565F00038037 /* ViewController.m */,
				C24A64A81CE3565F00038037 /* Main.storyboard */,
				C24A64AB1CE3565F00038037 /* Assets.xcassets */,
				C24A64AD1CE3565F00038037 /* LaunchScreen.storyboard */,
				C24A64B01CE3565F00038037 /* Info.plist */,
				C24A649F1CE3565F00038037 /* Supporting Files */,
			);
			path = LWN;
			sourceTree = "<group>";
		};
		C24A649F1CE3565F00038037 /* Supporting Files */ = {
			isa = PBXGroup;
			children = (
				C24A64A01CE3565F00038037 /* main.m */,
			);
			name = "Supporting Files";
			sourceTree = "<group>";
		};
/* End PBXGroup section */

/* Begin PBXNativeTarget section */
		C24A649B1CE3565F00038037 /* LWN */ = {
			isa = PBXNativeTarget;
			buildConfigurationList = C24A64B31CE3565F00038037 /* Build configuration list for PBXNativeTarget "LWN" */;
			buildPhases = (
				C24A64981CE3565F00038037 /* Sources */,
				C24A64991CE3565F00038037 /* Frameworks */,
				C24A649A1CE3565F00038037 /* Resources */,
			);
			buildRules = (
			);
			dependencies = (
			);
			name = LWN;
			productName = LWN;
			productReference = C24A649C1CE3565F00038037 /* LWN.app */;
			productType = "com.apple.product-type.application";
		};
/* End PBXNativeTarget section */

/* Begin PBXProject section */
		C24A64941CE3565F00038037 /* Project object */ = {
			isa = PBXProject;
			attributes = {
				LastUpgradeCheck = 0720;
				ORGANIZATIONNAME = lanou3g;
				TargetAttributes = {
					C24A649B1CE3565F00038037 = {
						CreatedOnToolsVersion = 7.2.1;
					};
				};
			};
			buildConfigurationList = C24A64971CE3565F00038037 /* Build configuration list for PBXProject "LWN" */;
			compatibilityVersion = "Xcode 3.2";
			developmentRegion = English;
			hasScannedForEncodings = 0;
			knownRegions = (
				en,
				Base,
			);
			mainGroup = C24A64931CE3565F00038037;
			productRefGroup = C24A649D1CE3565F00038037 /* Products */;
			projectDirPath = "";
			projectRoot = "";
			targets = (
				C24A649B1CE3565F00038037 /* LWN */,
			);
		};
/* End PBXProject section */

/* Begin PBXResourcesBuildPhase section */
		C24A649A1CE3565F00038037 /* Resources */ = {
			isa = PBXResourcesBuildPhase;
			buildActionMask = 2147483647;
			files = (
				C24A64AF1CE3565F00038037 /* LaunchScreen.storyboard in Resources */,
				C24A64AC1CE3565F00038037 /* Assets.xcassets in Resources */,
				C24A64AA1CE3565F00038037 /* Main.storyboard in Resources */,
			);
			runOnlyForDeploymentPostprocessing = 0;
		};
/* End PBXResourcesBuildPhase section */

/* Begin PBXSourcesBuildPhase section */
		C24A64981CE3565F00038037 /* Sources */ = {
			isa = PBXSourcesBuildPhase;
			buildActionMask = 2147483647;
			files = (
				C24A64A71CE3565F00038037 /* ViewController.m in Sources */,
				C24A64A41CE3565F00038037 /* AppDelegate.m in Sources */,
				C24A64A11CE3565F00038037 /* main.m in Sources */,
			);
			runOnlyForDeploymentPostprocessing = 0;
		};
/* End PBXSourcesBuildPhase section */

/* Begin PBXVariantGroup section */
		C24A64A81CE3565F00038037 /* Main.storyboard */ = {
			isa = PBXVariantGroup;
			children = (
				C24A64A91CE3565F00038037 /* Base */,
			);
			name = Main.storyboard;
			sourceTree = "<group>";
		};
		C24A64AD1CE3565F00038037 /* LaunchScreen.storyboard */ = {
			isa = PBXVariantGroup;
			children = (
				C24A64AE1CE3565F00038037 /* Base */,
			);
			name = LaunchScreen.storyboard;
			sourceTree = "<group>";
		};
/* End PBXVariantGroup section */

/* Begin XCBuildConfiguration section */
		C24A64B11CE3565F00038037 /* Debug */ = {
			isa = XCBuildConfiguration;
			buildSettings = {
				ALWAYS_SEARCH_USER_PATHS = NO;
				CLANG_CXX_LANGUAGE_STANDARD = "gnu++0x";
				CLANG_CXX_LIBRARY = "libc++";
				CLANG_ENABLE_MODULES = YES;
				CLANG_ENABLE_OBJC_ARC = YES;
				CLANG_WARN_BOOL_CONVERSION = YES;
				CLANG_WARN_CONSTANT_CONVERSION = YES;
				CLANG_WARN_DIRECT_OBJC_ISA_USAGE = YES_ERROR;
				CLANG_WARN_EMPTY_BODY = YES;
				CLANG_WARN_ENUM_CONVERSION = YES;
				CLANG_WARN_INT_CONVERSION = YES;
				CLANG_WARN_OBJC_ROOT_CLASS = YES_ERROR;
				CLANG_WARN_UNREACHABLE_CODE = YES;
				CLANG_WARN__DUPLICATE_METHOD_MATCH = YES;
				"CODE_SIGN_IDENTITY[sdk=iphoneos*]" = "iPhone Developer";
				COPY_PHASE_STRIP = NO;
				DEBUG_INFORMATION_FORMAT = dwarf;
				ENABLE_STRICT_OBJC_MSGSEND = YES;
				ENABLE_TESTABILITY = YES;
				GCC_C_LANGUAGE_STANDARD = gnu99;
				GCC_DYNAMIC_NO_PIC = NO;
				GCC_NO_COMMON_BLOCKS = YES;
				GCC_OPTIMIZATION_LEVEL = 0;
				GCC_PREPROCESSOR_DEFINITIONS = (
					"DEBUG=1",
					"$(inherited)",
				);
				GCC_WARN_64_TO_32_BIT_CONVERSION = YES;
				GCC_WARN_ABOUT_RETURN_TYPE = YES_ERROR;
				GCC_WARN_UNDECLARED_SELECTOR = YES;
				GCC_WARN_UNINITIALIZED_AUTOS = YES_AGGRESSIVE;
				GCC_WARN_UNUSED_FUNCTION = YES;
				GCC_WARN_UNUSED_VARIABLE = YES;
				IPHONEOS_DEPLOYMENT_TARGET = 9.2;
				MTL_ENABLE_DEBUG_INFO = YES;
				ONLY_ACTIVE_ARCH = YES;
				SDKROOT = iphoneos;
				TARGETED_DEVICE_FAMILY = "1,2";
			};
			name = Debug;
		};
		C24A64B21CE3565F00038037 /* Release */ = {
			isa = XCBuildConfiguration;
			buildSettings = {
				ALWAYS_SEARCH_USER_PATHS = NO;
				CLANG_CXX_LANGUAGE_STANDARD = "gnu++0x";
				CLANG_CXX_LIBRARY = "libc++";
				CLANG_ENABLE_MODULES = YES;
				CLANG_ENABLE_OBJC_ARC = YES;
				CLANG_WARN_BOOL_CONVERSION = YES;
				CLANG_WARN_CONSTANT_CONVERSION = YES;
				CLANG_WARN_DIRECT_OBJC_ISA_USAGE = YES_ERROR;
				CLANG_WARN_EMPTY_BODY = YES;
				CLANG_WARN_ENUM_CONVERSION = YES;
				CLANG_WARN_INT_CONVERSION = YES;
				CLANG_WARN_OBJC_ROOT_CLASS = YES_ERROR;
				CLANG_WARN_UNREACHABLE_CODE = YES;
				CLANG_WARN__DUPLICATE_METHOD_MATCH = YES;
				"CODE_SIGN_IDENTITY[sdk=iphoneos*]" = "iPhone Developer";
				COPY_PHASE_STRIP = NO;
				DEBUG_INFORMATION_FORMAT = "dwarf-with-dsym";
				ENABLE_NS_ASSERTIONS = NO;
				ENABLE_STRICT_OBJC_MSGSEND = YES;
				GCC_C_LANGUAGE_STANDARD = gnu99;
				GCC_NO_COMMON_BLOCKS = YES;
				GCC_WARN_64_TO_32_BIT_CONVERSION = YES;
				GCC_WARN_ABOUT_RETURN_TYPE = YES_ERROR;
				GCC_WARN_UNDECLARED_SELECTOR = YES;
				GCC_WARN_UNINITIALIZED_AUTOS = YES_AGGRESSIVE;
				GCC_WARN_UNUSED_FUNCTION = YES;
				GCC_WARN_UNUSED_VARIABLE = YES;
				IPHONEOS_DEPLOYMENT_TARGET = 9.2;
				MTL_ENABLE_DEBUG_INFO = NO;
				SDKROOT = iphoneos;
				TARGETED_DEVICE_FAMILY = "1,2";
				VALIDATE_PRODUCT = YES;
			};
			name = Release;
		};
		C24A64B41CE3565F00038037 /* Debug */ = {
			isa = XCBuildConfiguration;
			buildSettings = {
				ASSETCATALOG_COMPILER_APPICON_NAME = AppIcon;
				INFOPLIST_FILE = LWN/Info.plist;
				LD_RUNPATH_SEARCH_PATHS = "$(inherited) @executable_path/Frameworks";
				PRODUCT_BUNDLE_IDENTIFIER = lwn.LWN;
				PRODUCT_NAME = "$(TARGET_NAME)";
			};
			name = Debug;
		};
		C24A64B51CE3565F00038037 /* Release */ = {
			isa = XCBuildConfiguration;
			buildSettings = {
				ASSETCATALOG_COMPILER_APPICON_NAME = AppIcon;
				INFOPLIST_FILE = LWN/Info.plist;
				LD_RUNPATH_SEARCH_PATHS = "$(inherited) @executable_path/Frameworks";
				PRODUCT_BUNDLE_IDENTIFIER = lwn.LWN;
				PRODUCT_NAME = "$(TARGET_NAME)";
			};
			name = Release;
		};
/* End XCBuildConfiguration section */

/* Begin XCConfigurationList section */
		C24A64971CE3565F00038037 /* Build configuration list for PBXProject "LWN" */ = {
			isa = XCConfigurationList;
			buildConfigurations = (
				C24A64B11CE3565F00038037 /* Debug */,
				C24A64B21CE3565F00038037 /* Release */,
			);
			defaultConfigurationIsVisible = 0;
			defaultConfigurationName = Release;
		};
		C24A64B31CE3565F00038037 /* Build configuration list for PBXNativeTarget "LWN" */ = {
			isa = XCConfigurationList;
			buildConfigurations = (
				C24A64B41CE3565F00038037 /* Debug */,
				C24A64B51CE3565F00038037 /* Release */,
			);
			defaultConfigurationIsVisible = 0;
		};
/* End XCConfigurationList section */
	};
	rootObject = C24A64941CE3565F00038037 /* Project object */;
}
